<?xml version="1.0" encoding="UTF-8" standalone="yes" ?>
<CodeBlocks_project_file>
	<FileVersion major="1" minor="6" />
	<Project>
		<Option title="ProjectX" />
		<Option pch_mode="2" />
		<Option compiler="gcc" />
		<Build>
			<Target title="Debug">
				<Option output="bin/Debug/ProjectX" prefix_auto="1" extension_auto="1" />
				<Option object_output="obj/Debug/" />
				<Option type="0" />
				<Option compiler="gcc" />
				<Compiler>
					<Add option="-g" />
					<Add option="-DSFML_STATIC" />
					<Add directory="C:/SFML/SFML-2.0-rc/include" />
				</Compiler>
				<Linker>
					<Add library="sfml-graphics-s-d" />
					<Add library="sfml-window-s-d" />
					<Add library="sfml-system-s-d" />
					<Add directory="C:/SFML/SFML-2.0-rc/lib" />
				</Linker>
			</Target>
			<Target title="Release">
				<Option output="bin/Release/ProjectX" prefix_auto="1" extension_auto="1" />
				<Option object_output="obj/Release/" />
				<Option type="1" />
				<Option compiler="gcc" />
				<Compiler>
					<Add option="-O2" />
					<Add option="-DSFML_STATIC" />
					<Add directory="C:/SFML/SFML-2.0-rc/include" />
				</Compiler>
				<Linker>
					<Add option="-s" />
					<Add library="sfml-graphics-s" />
					<Add library="sfml-window-s" />
					<Add library="sfml-system-s" />
					<Add directory="C:/SFML/SFML-2.0-rc/lib" />
				</Linker>
			</Target>
		</Build>
		<Compiler>
			<Add option="-Wall" />
			<Add option="-DSFML_STATIC" />
			<Add directory="C:/SFML/SFML-2.0-rc/include" />
		</Compiler>
		<Linker>
			<Add directory="C:/SFML/SFML-2.0-rc/lib" />
		</Linker>
		<Unit filename="Source/Game.cpp" />
		<Unit filename="Source/Game.h" />
		<Unit filename="Source/GameStates/GameState.cpp" />
		<Unit filename="Source/GameStates/GameState.h" />
		<Unit filename="Source/GameStates/GameStateManager.cpp" />
		<Unit filename="Source/GameStates/GameStateManager.h" />
		<Unit filename="Source/Game/GameObject.cpp" />
		<Unit filename="Source/Game/GameObject.h" />
		<Unit filename="Source/Graphics/GraphicObject.cpp" />
		<Unit filename="Source/Graphics/GraphicObject.h" />
		<Unit filename="Source/Graphics/GraphicWindow.cpp" />
		<Unit filename="Source/Graphics/GraphicWindow.h" />
		<Unit filename="Source/Input/InputManager.cpp" />
		<Unit filename="Source/Input/InputManager.h" />
		<Unit filename="Source/main.cpp" />
		<Extensions>
			<code_completion />
			<envvars />
			<debugger />
			<lib_finder disable_auto="1" />
		</Extensions>
	</Project>
</CodeBlocks_project_file>
