// !$*UTF8*$!
{
	archiveVersion = 1;
	classes = {
	};
	objectVersion = 46;
	objects = {

/* Begin PBXBuildFile section */
		1A9A60D81673D8FD00897B83 /* Foundation.framework in Frameworks */ = {isa = PBXBuildFile; fileRef = 1A9A60D71673D8FD00897B83 /* Foundation.framework */; };
		1A9A60DB1673D8FD00897B83 /* main.cpp in Sources */ = {isa = PBXBuildFile; fileRef = 1A9A60DA1673D8FD00897B83 /* main.cpp */; };
		1A9A60DD1673D8FD00897B83 /* ResourcePath.mm in Sources */ = {isa = PBXBuildFile; fileRef = 1A9A60DC1673D8FD00897B83 /* ResourcePath.mm */; };
		1A9A60E11673D8FD00897B83 /* sansation.ttf in Resources */ = {isa = PBXBuildFile; fileRef = 1A9A60E01673D8FD00897B83 /* sansation.ttf */; };
		1A9A60E31673D8FD00897B83 /* cute_image.jpg in Resources */ = {isa = PBXBuildFile; fileRef = 1A9A60E21673D8FD00897B83 /* cute_image.jpg */; };
		1A9A60E51673D8FD00897B83 /* nice_music.ogg in Resources */ = {isa = PBXBuildFile; fileRef = 1A9A60E41673D8FD00897B83 /* nice_music.ogg */; };
		1A9A60EA1673D8FD00897B83 /* InfoPlist.strings in Resources */ = {isa = PBXBuildFile; fileRef = 1A9A60E81673D8FD00897B83 /* InfoPlist.strings */; };
		1A9A615A1673D92200897B83 /* Rect.inl in Resources */ = {isa = PBXBuildFile; fileRef = 1A9A610B1673D92200897B83 /* Rect.inl */; };
		1A9A615B1673D92200897B83 /* Thread.inl in Resources */ = {isa = PBXBuildFile; fileRef = 1A9A61351673D92200897B83 /* Thread.inl */; };
		1A9A615C1673D92200897B83 /* ThreadLocalPtr.inl in Resources */ = {isa = PBXBuildFile; fileRef = 1A9A61381673D92200897B83 /* ThreadLocalPtr.inl */; };
		1A9A615D1673D92200897B83 /* Utf.inl in Resources */ = {isa = PBXBuildFile; fileRef = 1A9A613B1673D92200897B83 /* Utf.inl */; };
		1A9A615E1673D92200897B83 /* Vector2.inl in Resources */ = {isa = PBXBuildFile; fileRef = 1A9A613D1673D92200897B83 /* Vector2.inl */; };
		1A9A615F1673D92200897B83 /* Vector3.inl in Resources */ = {isa = PBXBuildFile; fileRef = 1A9A613F1673D92200897B83 /* Vector3.inl */; };
		1A9A61601673D92200897B83 /* libsfml-audio-d.dylib in Frameworks */ = {isa = PBXBuildFile; fileRef = 1A9A61501673D92200897B83 /* libsfml-audio-d.dylib */; };
		1A9A61611673D92200897B83 /* libsfml-audio-s-d.a in Frameworks */ = {isa = PBXBuildFile; fileRef = 1A9A61511673D92200897B83 /* libsfml-audio-s-d.a */; };
		1A9A61621673D92200897B83 /* libsfml-graphics-d.dylib in Frameworks */ = {isa = PBXBuildFile; fileRef = 1A9A61521673D92200897B83 /* libsfml-graphics-d.dylib */; };
		1A9A61631673D92200897B83 /* libsfml-graphics-s-d.a in Frameworks */ = {isa = PBXBuildFile; fileRef = 1A9A61531673D92200897B83 /* libsfml-graphics-s-d.a */; };
		1A9A61641673D92200897B83 /* libsfml-network-d.dylib in Frameworks */ = {isa = PBXBuildFile; fileRef = 1A9A61541673D92200897B83 /* libsfml-network-d.dylib */; };
		1A9A61651673D92200897B83 /* libsfml-network-s-d.a in Frameworks */ = {isa = PBXBuildFile; fileRef = 1A9A61551673D92200897B83 /* libsfml-network-s-d.a */; };
		1A9A61661673D92200897B83 /* libsfml-system-d.dylib in Frameworks */ = {isa = PBXBuildFile; fileRef = 1A9A61561673D92200897B83 /* libsfml-system-d.dylib */; };
		1A9A61671673D92200897B83 /* libsfml-system-s-d.a in Frameworks */ = {isa = PBXBuildFile; fileRef = 1A9A61571673D92200897B83 /* libsfml-system-s-d.a */; };
		1A9A61681673D92200897B83 /* libsfml-window-d.dylib in Frameworks */ = {isa = PBXBuildFile; fileRef = 1A9A61581673D92200897B83 /* libsfml-window-d.dylib */; };
		1A9A61691673D92200897B83 /* libsfml-window-s-d.a in Frameworks */ = {isa = PBXBuildFile; fileRef = 1A9A61591673D92200897B83 /* libsfml-window-s-d.a */; };
/* End PBXBuildFile section */

/* Begin PBXFileReference section */
		1A9A60D31673D8FD00897B83 /* ProjectX.app */ = {isa = PBXFileReference; explicitFileType = wrapper.application; includeInIndex = 0; path = ProjectX.app; sourceTree = BUILT_PRODUCTS_DIR; };
		1A9A60D71673D8FD00897B83 /* Foundation.framework */ = {isa = PBXFileReference; lastKnownFileType = wrapper.framework; name = Foundation.framework; path = System/Library/Frameworks/Foundation.framework; sourceTree = SDKROOT; };
		1A9A60DA1673D8FD00897B83 /* main.cpp */ = {isa = PBXFileReference; lastKnownFileType = sourcecode.cpp.cpp; path = main.cpp; sourceTree = "<group>"; };
		1A9A60DC1673D8FD00897B83 /* ResourcePath.mm */ = {isa = PBXFileReference; lastKnownFileType = sourcecode.cpp.objcpp; path = ResourcePath.mm; sourceTree = "<group>"; };
		1A9A60DE1673D8FD00897B83 /* ResourcePath.hpp */ = {isa = PBXFileReference; lastKnownFileType = sourcecode.cpp.h; path = ResourcePath.hpp; sourceTree = "<group>"; };
		1A9A60E01673D8FD00897B83 /* sansation.ttf */ = {isa = PBXFileReference; lastKnownFileType = file; path = sansation.ttf; sourceTree = "<group>"; };
		1A9A60E21673D8FD00897B83 /* cute_image.jpg */ = {isa = PBXFileReference; lastKnownFileType = image.jpeg; path = cute_image.jpg; sourceTree = "<group>"; };
		1A9A60E41673D8FD00897B83 /* nice_music.ogg */ = {isa = PBXFileReference; lastKnownFileType = file; path = nice_music.ogg; sourceTree = "<group>"; };
		1A9A60E71673D8FD00897B83 /* ProjectX-Info.plist */ = {isa = PBXFileReference; lastKnownFileType = text.plist.xml; path = "ProjectX-Info.plist"; sourceTree = "<group>"; };
		1A9A60E91673D8FD00897B83 /* en */ = {isa = PBXFileReference; lastKnownFileType = text.plist.strings; name = en; path = en.lproj/InfoPlist.strings; sourceTree = "<group>"; };
		1A9A60F41673D92200897B83 /* Export.hpp */ = {isa = PBXFileReference; fileEncoding = 4; lastKnownFileType = sourcecode.cpp.h; path = Export.hpp; sourceTree = "<group>"; };
		1A9A60F51673D92200897B83 /* Listener.hpp */ = {isa = PBXFileReference; fileEncoding = 4; lastKnownFileType = sourcecode.cpp.h; path = Listener.hpp; sourceTree = "<group>"; };
		1A9A60F61673D92200897B83 /* Music.hpp */ = {isa = PBXFileReference; fileEncoding = 4; lastKnownFileType = sourcecode.cpp.h; path = Music.hpp; sourceTree = "<group>"; };
		1A9A60F71673D92200897B83 /* Sound.hpp */ = {isa = PBXFileReference; fileEncoding = 4; lastKnownFileType = sourcecode.cpp.h; path = Sound.hpp; sourceTree = "<group>"; };
		1A9A60F81673D92200897B83 /* SoundBuffer.hpp */ = {isa = PBXFileReference; fileEncoding = 4; lastKnownFileType = sourcecode.cpp.h; path = SoundBuffer.hpp; sourceTree = "<group>"; };
		1A9A60F91673D92200897B83 /* SoundBufferRecorder.hpp */ = {isa = PBXFileReference; fileEncoding = 4; lastKnownFileType = sourcecode.cpp.h; path = SoundBufferRecorder.hpp; sourceTree = "<group>"; };
		1A9A60FA1673D92200897B83 /* SoundRecorder.hpp */ = {isa = PBXFileReference; fileEncoding = 4; lastKnownFileType = sourcecode.cpp.h; path = SoundRecorder.hpp; sourceTree = "<group>"; };
		1A9A60FB1673D92200897B83 /* SoundSource.hpp */ = {isa = PBXFileReference; fileEncoding = 4; lastKnownFileType = sourcecode.cpp.h; path = SoundSource.hpp; sourceTree = "<group>"; };
		1A9A60FC1673D92200897B83 /* SoundStream.hpp */ = {isa = PBXFileReference; fileEncoding = 4; lastKnownFileType = sourcecode.cpp.h; path = SoundStream.hpp; sourceTree = "<group>"; };
		1A9A60FD1673D92200897B83 /* Audio.hpp */ = {isa = PBXFileReference; fileEncoding = 4; lastKnownFileType = sourcecode.cpp.h; path = Audio.hpp; sourceTree = "<group>"; };
		1A9A60FE1673D92200897B83 /* Config.hpp */ = {isa = PBXFileReference; fileEncoding = 4; lastKnownFileType = sourcecode.cpp.h; path = Config.hpp; sourceTree = "<group>"; };
		1A9A61001673D92200897B83 /* BlendMode.hpp */ = {isa = PBXFileReference; fileEncoding = 4; lastKnownFileType = sourcecode.cpp.h; path = BlendMode.hpp; sourceTree = "<group>"; };
		1A9A61011673D92200897B83 /* CircleShape.hpp */ = {isa = PBXFileReference; fileEncoding = 4; lastKnownFileType = sourcecode.cpp.h; path = CircleShape.hpp; sourceTree = "<group>"; };
		1A9A61021673D92200897B83 /* Color.hpp */ = {isa = PBXFileReference; fileEncoding = 4; lastKnownFileType = sourcecode.cpp.h; path = Color.hpp; sourceTree = "<group>"; };
		1A9A61031673D92200897B83 /* ConvexShape.hpp */ = {isa = PBXFileReference; fileEncoding = 4; lastKnownFileType = sourcecode.cpp.h; path = ConvexShape.hpp; sourceTree = "<group>"; };
		1A9A61041673D92200897B83 /* Drawable.hpp */ = {isa = PBXFileReference; fileEncoding = 4; lastKnownFileType = sourcecode.cpp.h; path = Drawable.hpp; sourceTree = "<group>"; };
		1A9A61051673D92200897B83 /* Export.hpp */ = {isa = PBXFileReference; fileEncoding = 4; lastKnownFileType = sourcecode.cpp.h; path = Export.hpp; sourceTree = "<group>"; };
		1A9A61061673D92200897B83 /* Font.hpp */ = {isa = PBXFileReference; fileEncoding = 4; lastKnownFileType = sourcecode.cpp.h; path = Font.hpp; sourceTree = "<group>"; };
		1A9A61071673D92200897B83 /* Glyph.hpp */ = {isa = PBXFileReference; fileEncoding = 4; lastKnownFileType = sourcecode.cpp.h; path = Glyph.hpp; sourceTree = "<group>"; };
		1A9A61081673D92200897B83 /* Image.hpp */ = {isa = PBXFileReference; fileEncoding = 4; lastKnownFileType = sourcecode.cpp.h; path = Image.hpp; sourceTree = "<group>"; };
		1A9A61091673D92200897B83 /* PrimitiveType.hpp */ = {isa = PBXFileReference; fileEncoding = 4; lastKnownFileType = sourcecode.cpp.h; path = PrimitiveType.hpp; sourceTree = "<group>"; };
		1A9A610A1673D92200897B83 /* Rect.hpp */ = {isa = PBXFileReference; fileEncoding = 4; lastKnownFileType = sourcecode.cpp.h; path = Rect.hpp; sourceTree = "<group>"; };
		1A9A610B1673D92200897B83 /* Rect.inl */ = {isa = PBXFileReference; fileEncoding = 4; lastKnownFileType = text; path = Rect.inl; sourceTree = "<group>"; };
		1A9A610C1673D92200897B83 /* RectangleShape.hpp */ = {isa = PBXFileReference; fileEncoding = 4; lastKnownFileType = sourcecode.cpp.h; path = RectangleShape.hpp; sourceTree = "<group>"; };
		1A9A610D1673D92200897B83 /* RenderStates.hpp */ = {isa = PBXFileReference; fileEncoding = 4; lastKnownFileType = sourcecode.cpp.h; path = RenderStates.hpp; sourceTree = "<group>"; };
		1A9A610E1673D92200897B83 /* RenderTarget.hpp */ = {isa = PBXFileReference; fileEncoding = 4; lastKnownFileType = sourcecode.cpp.h; path = RenderTarget.hpp; sourceTree = "<group>"; };
		1A9A610F1673D92200897B83 /* RenderTexture.hpp */ = {isa = PBXFileReference; fileEncoding = 4; lastKnownFileType = sourcecode.cpp.h; path = RenderTexture.hpp; sourceTree = "<group>"; };
		1A9A61101673D92200897B83 /* RenderWindow.hpp */ = {isa = PBXFileReference; fileEncoding = 4; lastKnownFileType = sourcecode.cpp.h; path = RenderWindow.hpp; sourceTree = "<group>"; };
		1A9A61111673D92200897B83 /* Shader.hpp */ = {isa = PBXFileReference; fileEncoding = 4; lastKnownFileType = sourcecode.cpp.h; path = Shader.hpp; sourceTree = "<group>"; };
		1A9A61121673D92200897B83 /* Shape.hpp */ = {isa = PBXFileReference; fileEncoding = 4; lastKnownFileType = sourcecode.cpp.h; path = Shape.hpp; sourceTree = "<group>"; };
		1A9A61131673D92200897B83 /* Sprite.hpp */ = {isa = PBXFileReference; fileEncoding = 4; lastKnownFileType = sourcecode.cpp.h; path = Sprite.hpp; sourceTree = "<group>"; };
		1A9A61141673D92200897B83 /* Text.hpp */ = {isa = PBXFileReference; fileEncoding = 4; lastKnownFileType = sourcecode.cpp.h; path = Text.hpp; sourceTree = "<group>"; };
		1A9A61151673D92200897B83 /* Texture.hpp */ = {isa = PBXFileReference; fileEncoding = 4; lastKnownFileType = sourcecode.cpp.h; path = Texture.hpp; sourceTree = "<group>"; };
		1A9A61161673D92200897B83 /* Transform.hpp */ = {isa = PBXFileReference; fileEncoding = 4; lastKnownFileType = sourcecode.cpp.h; path = Transform.hpp; sourceTree = "<group>"; };
		1A9A61171673D92200897B83 /* Transformable.hpp */ = {isa = PBXFileReference; fileEncoding = 4; lastKnownFileType = sourcecode.cpp.h; path = Transformable.hpp; sourceTree = "<group>"; };
		1A9A61181673D92200897B83 /* Vertex.hpp */ = {isa = PBXFileReference; fileEncoding = 4; lastKnownFileType = sourcecode.cpp.h; path = Vertex.hpp; sourceTree = "<group>"; };
		1A9A61191673D92200897B83 /* VertexArray.hpp */ = {isa = PBXFileReference; fileEncoding = 4; lastKnownFileType = sourcecode.cpp.h; path = VertexArray.hpp; sourceTree = "<group>"; };
		1A9A611A1673D92200897B83 /* View.hpp */ = {isa = PBXFileReference; fileEncoding = 4; lastKnownFileType = sourcecode.cpp.h; path = View.hpp; sourceTree = "<group>"; };
		1A9A611B1673D92200897B83 /* Graphics.hpp */ = {isa = PBXFileReference; fileEncoding = 4; lastKnownFileType = sourcecode.cpp.h; path = Graphics.hpp; sourceTree = "<group>"; };
		1A9A611D1673D92200897B83 /* Export.hpp */ = {isa = PBXFileReference; fileEncoding = 4; lastKnownFileType = sourcecode.cpp.h; path = Export.hpp; sourceTree = "<group>"; };
		1A9A611E1673D92200897B83 /* Ftp.hpp */ = {isa = PBXFileReference; fileEncoding = 4; lastKnownFileType = sourcecode.cpp.h; path = Ftp.hpp; sourceTree = "<group>"; };
		1A9A611F1673D92200897B83 /* Http.hpp */ = {isa = PBXFileReference; fileEncoding = 4; lastKnownFileType = sourcecode.cpp.h; path = Http.hpp; sourceTree = "<group>"; };
		1A9A61201673D92200897B83 /* IpAddress.hpp */ = {isa = PBXFileReference; fileEncoding = 4; lastKnownFileType = sourcecode.cpp.h; path = IpAddress.hpp; sourceTree = "<group>"; };
		1A9A61211673D92200897B83 /* Packet.hpp */ = {isa = PBXFileReference; fileEncoding = 4; lastKnownFileType = sourcecode.cpp.h; path = Packet.hpp; sourceTree = "<group>"; };
		1A9A61221673D92200897B83 /* Socket.hpp */ = {isa = PBXFileReference; fileEncoding = 4; lastKnownFileType = sourcecode.cpp.h; path = Socket.hpp; sourceTree = "<group>"; };
		1A9A61231673D92200897B83 /* SocketHandle.hpp */ = {isa = PBXFileReference; fileEncoding = 4; lastKnownFileType = sourcecode.cpp.h; path = SocketHandle.hpp; sourceTree = "<group>"; };
		1A9A61241673D92200897B83 /* SocketSelector.hpp */ = {isa = PBXFileReference; fileEncoding = 4; lastKnownFileType = sourcecode.cpp.h; path = SocketSelector.hpp; sourceTree = "<group>"; };
		1A9A61251673D92200897B83 /* TcpListener.hpp */ = {isa = PBXFileReference; fileEncoding = 4; lastKnownFileType = sourcecode.cpp.h; path = TcpListener.hpp; sourceTree = "<group>"; };
		1A9A61261673D92200897B83 /* TcpSocket.hpp */ = {isa = PBXFileReference; fileEncoding = 4; lastKnownFileType = sourcecode.cpp.h; path = TcpSocket.hpp; sourceTree = "<group>"; };
		1A9A61271673D92200897B83 /* UdpSocket.hpp */ = {isa = PBXFileReference; fileEncoding = 4; lastKnownFileType = sourcecode.cpp.h; path = UdpSocket.hpp; sourceTree = "<group>"; };
		1A9A61281673D92200897B83 /* Network.hpp */ = {isa = PBXFileReference; fileEncoding = 4; lastKnownFileType = sourcecode.cpp.h; path = Network.hpp; sourceTree = "<group>"; };
		1A9A61291673D92200897B83 /* OpenGL.hpp */ = {isa = PBXFileReference; fileEncoding = 4; lastKnownFileType = sourcecode.cpp.h; path = OpenGL.hpp; sourceTree = "<group>"; };
		1A9A612B1673D92200897B83 /* Clock.hpp */ = {isa = PBXFileReference; fileEncoding = 4; lastKnownFileType = sourcecode.cpp.h; path = Clock.hpp; sourceTree = "<group>"; };
		1A9A612C1673D92200897B83 /* Err.hpp */ = {isa = PBXFileReference; fileEncoding = 4; lastKnownFileType = sourcecode.cpp.h; path = Err.hpp; sourceTree = "<group>"; };
		1A9A612D1673D92200897B83 /* Export.hpp */ = {isa = PBXFileReference; fileEncoding = 4; lastKnownFileType = sourcecode.cpp.h; path = Export.hpp; sourceTree = "<group>"; };
		1A9A612E1673D92200897B83 /* InputStream.hpp */ = {isa = PBXFileReference; fileEncoding = 4; lastKnownFileType = sourcecode.cpp.h; path = InputStream.hpp; sourceTree = "<group>"; };
		1A9A612F1673D92200897B83 /* Lock.hpp */ = {isa = PBXFileReference; fileEncoding = 4; lastKnownFileType = sourcecode.cpp.h; path = Lock.hpp; sourceTree = "<group>"; };
		1A9A61301673D92200897B83 /* Mutex.hpp */ = {isa = PBXFileReference; fileEncoding = 4; lastKnownFileType = sourcecode.cpp.h; path = Mutex.hpp; sourceTree = "<group>"; };
		1A9A61311673D92200897B83 /* NonCopyable.hpp */ = {isa = PBXFileReference; fileEncoding = 4; lastKnownFileType = sourcecode.cpp.h; path = NonCopyable.hpp; sourceTree = "<group>"; };
		1A9A61321673D92200897B83 /* Sleep.hpp */ = {isa = PBXFileReference; fileEncoding = 4; lastKnownFileType = sourcecode.cpp.h; path = Sleep.hpp; sourceTree = "<group>"; };
		1A9A61331673D92200897B83 /* String.hpp */ = {isa = PBXFileReference; fileEncoding = 4; lastKnownFileType = sourcecode.cpp.h; path = String.hpp; sourceTree = "<group>"; };
		1A9A61341673D92200897B83 /* Thread.hpp */ = {isa = PBXFileReference; fileEncoding = 4; lastKnownFileType = sourcecode.cpp.h; path = Thread.hpp; sourceTree = "<group>"; };
		1A9A61351673D92200897B83 /* Thread.inl */ = {isa = PBXFileReference; fileEncoding = 4; lastKnownFileType = text; path = Thread.inl; sourceTree = "<group>"; };
		1A9A61361673D92200897B83 /* ThreadLocal.hpp */ = {isa = PBXFileReference; fileEncoding = 4; lastKnownFileType = sourcecode.cpp.h; path = ThreadLocal.hpp; sourceTree = "<group>"; };
		1A9A61371673D92200897B83 /* ThreadLocalPtr.hpp */ = {isa = PBXFileReference; fileEncoding = 4; lastKnownFileType = sourcecode.cpp.h; path = ThreadLocalPtr.hpp; sourceTree = "<group>"; };
		1A9A61381673D92200897B83 /* ThreadLocalPtr.inl */ = {isa = PBXFileReference; fileEncoding = 4; lastKnownFileType = text; path = ThreadLocalPtr.inl; sourceTree = "<group>"; };
		1A9A61391673D92200897B83 /* Time.hpp */ = {isa = PBXFileReference; fileEncoding = 4; lastKnownFileType = sourcecode.cpp.h; path = Time.hpp; sourceTree = "<group>"; };
		1A9A613A1673D92200897B83 /* Utf.hpp */ = {isa = PBXFileReference; fileEncoding = 4; lastKnownFileType = sourcecode.cpp.h; path = Utf.hpp; sourceTree = "<group>"; };
		1A9A613B1673D92200897B83 /* Utf.inl */ = {isa = PBXFileReference; fileEncoding = 4; lastKnownFileType = text; path = Utf.inl; sourceTree = "<group>"; };
		1A9A613C1673D92200897B83 /* Vector2.hpp */ = {isa = PBXFileReference; fileEncoding = 4; lastKnownFileType = sourcecode.cpp.h; path = Vector2.hpp; sourceTree = "<group>"; };
		1A9A613D1673D92200897B83 /* Vector2.inl */ = {isa = PBXFileReference; fileEncoding = 4; lastKnownFileType = text; path = Vector2.inl; sourceTree = "<group>"; };
		1A9A613E1673D92200897B83 /* Vector3.hpp */ = {isa = PBXFileReference; fileEncoding = 4; lastKnownFileType = sourcecode.cpp.h; path = Vector3.hpp; sourceTree = "<group>"; };
		1A9A613F1673D92200897B83 /* Vector3.inl */ = {isa = PBXFileReference; fileEncoding = 4; lastKnownFileType = text; path = Vector3.inl; sourceTree = "<group>"; };
		1A9A61401673D92200897B83 /* System.hpp */ = {isa = PBXFileReference; fileEncoding = 4; lastKnownFileType = sourcecode.cpp.h; path = System.hpp; sourceTree = "<group>"; };
		1A9A61421673D92200897B83 /* Context.hpp */ = {isa = PBXFileReference; fileEncoding = 4; lastKnownFileType = sourcecode.cpp.h; path = Context.hpp; sourceTree = "<group>"; };
		1A9A61431673D92200897B83 /* ContextSettings.hpp */ = {isa = PBXFileReference; fileEncoding = 4; lastKnownFileType = sourcecode.cpp.h; path = ContextSettings.hpp; sourceTree = "<group>"; };
		1A9A61441673D92200897B83 /* Event.hpp */ = {isa = PBXFileReference; fileEncoding = 4; lastKnownFileType = sourcecode.cpp.h; path = Event.hpp; sourceTree = "<group>"; };
		1A9A61451673D92200897B83 /* Export.hpp */ = {isa = PBXFileReference; fileEncoding = 4; lastKnownFileType = sourcecode.cpp.h; path = Export.hpp; sourceTree = "<group>"; };
		1A9A61461673D92200897B83 /* GlResource.hpp */ = {isa = PBXFileReference; fileEncoding = 4; lastKnownFileType = sourcecode.cpp.h; path = GlResource.hpp; sourceTree = "<group>"; };
		1A9A61471673D92200897B83 /* Joystick.hpp */ = {isa = PBXFileReference; fileEncoding = 4; lastKnownFileType = sourcecode.cpp.h; path = Joystick.hpp; sourceTree = "<group>"; };
		1A9A61481673D92200897B83 /* Keyboard.hpp */ = {isa = PBXFileReference; fileEncoding = 4; lastKnownFileType = sourcecode.cpp.h; path = Keyboard.hpp; sourceTree = "<group>"; };
		1A9A61491673D92200897B83 /* Mouse.hpp */ = {isa = PBXFileReference; fileEncoding = 4; lastKnownFileType = sourcecode.cpp.h; path = Mouse.hpp; sourceTree = "<group>"; };
		1A9A614A1673D92200897B83 /* VideoMode.hpp */ = {isa = PBXFileReference; fileEncoding = 4; lastKnownFileType = sourcecode.cpp.h; path = VideoMode.hpp; sourceTree = "<group>"; };
		1A9A614B1673D92200897B83 /* Window.hpp */ = {isa = PBXFileReference; fileEncoding = 4; lastKnownFileType = sourcecode.cpp.h; path = Window.hpp; sourceTree = "<group>"; };
		1A9A614C1673D92200897B83 /* WindowHandle.hpp */ = {isa = PBXFileReference; fileEncoding = 4; lastKnownFileType = sourcecode.cpp.h; path = WindowHandle.hpp; sourceTree = "<group>"; };
		1A9A614D1673D92200897B83 /* WindowStyle.hpp */ = {isa = PBXFileReference; fileEncoding = 4; lastKnownFileType = sourcecode.cpp.h; path = WindowStyle.hpp; sourceTree = "<group>"; };
		1A9A614E1673D92200897B83 /* Window.hpp */ = {isa = PBXFileReference; fileEncoding = 4; lastKnownFileType = sourcecode.cpp.h; path = Window.hpp; sourceTree = "<group>"; };
		1A9A61501673D92200897B83 /* libsfml-audio-d.dylib */ = {isa = PBXFileReference; lastKnownFileType = "compiled.mach-o.dylib"; path = "libsfml-audio-d.dylib"; sourceTree = "<group>"; };
		1A9A61511673D92200897B83 /* libsfml-audio-s-d.a */ = {isa = PBXFileReference; lastKnownFileType = archive.ar; path = "libsfml-audio-s-d.a"; sourceTree = "<group>"; };
		1A9A61521673D92200897B83 /* libsfml-graphics-d.dylib */ = {isa = PBXFileReference; lastKnownFileType = "compiled.mach-o.dylib"; path = "libsfml-graphics-d.dylib"; sourceTree = "<group>"; };
		1A9A61531673D92200897B83 /* libsfml-graphics-s-d.a */ = {isa = PBXFileReference; lastKnownFileType = archive.ar; path = "libsfml-graphics-s-d.a"; sourceTree = "<group>"; };
		1A9A61541673D92200897B83 /* libsfml-network-d.dylib */ = {isa = PBXFileReference; lastKnownFileType = "compiled.mach-o.dylib"; path = "libsfml-network-d.dylib"; sourceTree = "<group>"; };
		1A9A61551673D92200897B83 /* libsfml-network-s-d.a */ = {isa = PBXFileReference; lastKnownFileType = archive.ar; path = "libsfml-network-s-d.a"; sourceTree = "<group>"; };
		1A9A61561673D92200897B83 /* libsfml-system-d.dylib */ = {isa = PBXFileReference; lastKnownFileType = "compiled.mach-o.dylib"; path = "libsfml-system-d.dylib"; sourceTree = "<group>"; };
		1A9A61571673D92200897B83 /* libsfml-system-s-d.a */ = {isa = PBXFileReference; lastKnownFileType = archive.ar; path = "libsfml-system-s-d.a"; sourceTree = "<group>"; };
		1A9A61581673D92200897B83 /* libsfml-window-d.dylib */ = {isa = PBXFileReference; lastKnownFileType = "compiled.mach-o.dylib"; path = "libsfml-window-d.dylib"; sourceTree = "<group>"; };
		1A9A61591673D92200897B83 /* libsfml-window-s-d.a */ = {isa = PBXFileReference; lastKnownFileType = archive.ar; path = "libsfml-window-s-d.a"; sourceTree = "<group>"; };
/* End PBXFileReference section */

/* Begin PBXFrameworksBuildPhase section */
		1A9A60D01673D8FD00897B83 /* Frameworks */ = {
			isa = PBXFrameworksBuildPhase;
			buildActionMask = 2147483647;
			files = (
				1A9A60D81673D8FD00897B83 /* Foundation.framework in Frameworks */,
				1A9A61601673D92200897B83 /* libsfml-audio-d.dylib in Frameworks */,
				1A9A61611673D92200897B83 /* libsfml-audio-s-d.a in Frameworks */,
				1A9A61621673D92200897B83 /* libsfml-graphics-d.dylib in Frameworks */,
				1A9A61631673D92200897B83 /* libsfml-graphics-s-d.a in Frameworks */,
				1A9A61641673D92200897B83 /* libsfml-network-d.dylib in Frameworks */,
				1A9A61651673D92200897B83 /* libsfml-network-s-d.a in Frameworks */,
				1A9A61661673D92200897B83 /* libsfml-system-d.dylib in Frameworks */,
				1A9A61671673D92200897B83 /* libsfml-system-s-d.a in Frameworks */,
				1A9A61681673D92200897B83 /* libsfml-window-d.dylib in Frameworks */,
				1A9A61691673D92200897B83 /* libsfml-window-s-d.a in Frameworks */,
			);
			runOnlyForDeploymentPostprocessing = 0;
		};
/* End PBXFrameworksBuildPhase section */

/* Begin PBXGroup section */
		1A9A60C71673D8FD00897B83 = {
			isa = PBXGroup;
			children = (
				1A9A60D91673D8FD00897B83 /* ProjectX */,
				1A9A60D61673D8FD00897B83 /* Frameworks */,
				1A9A60D41673D8FD00897B83 /* Products */,
			);
			sourceTree = "<group>";
		};
		1A9A60D41673D8FD00897B83 /* Products */ = {
			isa = PBXGroup;
			children = (
				1A9A60D31673D8FD00897B83 /* ProjectX.app */,
			);
			name = Products;
			sourceTree = "<group>";
		};
		1A9A60D61673D8FD00897B83 /* Frameworks */ = {
			isa = PBXGroup;
			children = (
				1A9A60D71673D8FD00897B83 /* Foundation.framework */,
			);
			name = Frameworks;
			sourceTree = "<group>";
		};
		1A9A60D91673D8FD00897B83 /* ProjectX */ = {
			isa = PBXGroup;
			children = (
				1A9A60F01673D92200897B83 /* SFML */,
				1A9A60DA1673D8FD00897B83 /* main.cpp */,
				1A9A60DC1673D8FD00897B83 /* ResourcePath.mm */,
				1A9A60DE1673D8FD00897B83 /* ResourcePath.hpp */,
				1A9A60DF1673D8FD00897B83 /* Resources */,
				1A9A60E61673D8FD00897B83 /* Supporting Files */,
			);
			path = ProjectX;
			sourceTree = "<group>";
		};
		1A9A60DF1673D8FD00897B83 /* Resources */ = {
			isa = PBXGroup;
			children = (
				1A9A60E01673D8FD00897B83 /* sansation.ttf */,
				1A9A60E21673D8FD00897B83 /* cute_image.jpg */,
				1A9A60E41673D8FD00897B83 /* nice_music.ogg */,
			);
			name = Resources;
			sourceTree = "<group>";
		};
		1A9A60E61673D8FD00897B83 /* Supporting Files */ = {
			isa = PBXGroup;
			children = (
				1A9A60E71673D8FD00897B83 /* ProjectX-Info.plist */,
				1A9A60E81673D8FD00897B83 /* InfoPlist.strings */,
			);
			name = "Supporting Files";
			sourceTree = "<group>";
		};
		1A9A60F01673D92200897B83 /* SFML */ = {
			isa = PBXGroup;
			children = (
				1A9A60F11673D92200897B83 /* include */,
				1A9A614F1673D92200897B83 /* lib */,
			);
			path = SFML;
			sourceTree = "<group>";
		};
		1A9A60F11673D92200897B83 /* include */ = {
			isa = PBXGroup;
			children = (
				1A9A60F21673D92200897B83 /* SFML */,
			);
			path = include;
			sourceTree = "<group>";
		};
		1A9A60F21673D92200897B83 /* SFML */ = {
			isa = PBXGroup;
			children = (
				1A9A60F31673D92200897B83 /* Audio */,
				1A9A60FD1673D92200897B83 /* Audio.hpp */,
				1A9A60FE1673D92200897B83 /* Config.hpp */,
				1A9A60FF1673D92200897B83 /* Graphics */,
				1A9A611B1673D92200897B83 /* Graphics.hpp */,
				1A9A611C1673D92200897B83 /* Network */,
				1A9A61281673D92200897B83 /* Network.hpp */,
				1A9A61291673D92200897B83 /* OpenGL.hpp */,
				1A9A612A1673D92200897B83 /* System */,
				1A9A61401673D92200897B83 /* System.hpp */,
				1A9A61411673D92200897B83 /* Window */,
				1A9A614E1673D92200897B83 /* Window.hpp */,
			);
			path = SFML;
			sourceTree = "<group>";
		};
		1A9A60F31673D92200897B83 /* Audio */ = {
			isa = PBXGroup;
			children = (
				1A9A60F41673D92200897B83 /* Export.hpp */,
				1A9A60F51673D92200897B83 /* Listener.hpp */,
				1A9A60F61673D92200897B83 /* Music.hpp */,
				1A9A60F71673D92200897B83 /* Sound.hpp */,
				1A9A60F81673D92200897B83 /* SoundBuffer.hpp */,
				1A9A60F91673D92200897B83 /* SoundBufferRecorder.hpp */,
				1A9A60FA1673D92200897B83 /* SoundRecorder.hpp */,
				1A9A60FB1673D92200897B83 /* SoundSource.hpp */,
				1A9A60FC1673D92200897B83 /* SoundStream.hpp */,
			);
			path = Audio;
			sourceTree = "<group>";
		};
		1A9A60FF1673D92200897B83 /* Graphics */ = {
			isa = PBXGroup;
			children = (
				1A9A61001673D92200897B83 /* BlendMode.hpp */,
				1A9A61011673D92200897B83 /* CircleShape.hpp */,
				1A9A61021673D92200897B83 /* Color.hpp */,
				1A9A61031673D92200897B83 /* ConvexShape.hpp */,
				1A9A61041673D92200897B83 /* Drawable.hpp */,
				1A9A61051673D92200897B83 /* Export.hpp */,
				1A9A61061673D92200897B83 /* Font.hpp */,
				1A9A61071673D92200897B83 /* Glyph.hpp */,
				1A9A61081673D92200897B83 /* Image.hpp */,
				1A9A61091673D92200897B83 /* PrimitiveType.hpp */,
				1A9A610A1673D92200897B83 /* Rect.hpp */,
				1A9A610B1673D92200897B83 /* Rect.inl */,
				1A9A610C1673D92200897B83 /* RectangleShape.hpp */,
				1A9A610D1673D92200897B83 /* RenderStates.hpp */,
				1A9A610E1673D92200897B83 /* RenderTarget.hpp */,
				1A9A610F1673D92200897B83 /* RenderTexture.hpp */,
				1A9A61101673D92200897B83 /* RenderWindow.hpp */,
				1A9A61111673D92200897B83 /* Shader.hpp */,
				1A9A61121673D92200897B83 /* Shape.hpp */,
				1A9A61131673D92200897B83 /* Sprite.hpp */,
				1A9A61141673D92200897B83 /* Text.hpp */,
				1A9A61151673D92200897B83 /* Texture.hpp */,
				1A9A61161673D92200897B83 /* Transform.hpp */,
				1A9A61171673D92200897B83 /* Transformable.hpp */,
				1A9A61181673D92200897B83 /* Vertex.hpp */,
				1A9A61191673D92200897B83 /* VertexArray.hpp */,
				1A9A611A1673D92200897B83 /* View.hpp */,
			);
			path = Graphics;
			sourceTree = "<group>";
		};
		1A9A611C1673D92200897B83 /* Network */ = {
			isa = PBXGroup;
			children = (
				1A9A611D1673D92200897B83 /* Export.hpp */,
				1A9A611E1673D92200897B83 /* Ftp.hpp */,
				1A9A611F1673D92200897B83 /* Http.hpp */,
				1A9A61201673D92200897B83 /* IpAddress.hpp */,
				1A9A61211673D92200897B83 /* Packet.hpp */,
				1A9A61221673D92200897B83 /* Socket.hpp */,
				1A9A61231673D92200897B83 /* SocketHandle.hpp */,
				1A9A61241673D92200897B83 /* SocketSelector.hpp */,
				1A9A61251673D92200897B83 /* TcpListener.hpp */,
				1A9A61261673D92200897B83 /* TcpSocket.hpp */,
				1A9A61271673D92200897B83 /* UdpSocket.hpp */,
			);
			path = Network;
			sourceTree = "<group>";
		};
		1A9A612A1673D92200897B83 /* System */ = {
			isa = PBXGroup;
			children = (
				1A9A612B1673D92200897B83 /* Clock.hpp */,
				1A9A612C1673D92200897B83 /* Err.hpp */,
				1A9A612D1673D92200897B83 /* Export.hpp */,
				1A9A612E1673D92200897B83 /* InputStream.hpp */,
				1A9A612F1673D92200897B83 /* Lock.hpp */,
				1A9A61301673D92200897B83 /* Mutex.hpp */,
				1A9A61311673D92200897B83 /* NonCopyable.hpp */,
				1A9A61321673D92200897B83 /* Sleep.hpp */,
				1A9A61331673D92200897B83 /* String.hpp */,
				1A9A61341673D92200897B83 /* Thread.hpp */,
				1A9A61351673D92200897B83 /* Thread.inl */,
				1A9A61361673D92200897B83 /* ThreadLocal.hpp */,
				1A9A61371673D92200897B83 /* ThreadLocalPtr.hpp */,
				1A9A61381673D92200897B83 /* ThreadLocalPtr.inl */,
				1A9A61391673D92200897B83 /* Time.hpp */,
				1A9A613A1673D92200897B83 /* Utf.hpp */,
				1A9A613B1673D92200897B83 /* Utf.inl */,
				1A9A613C1673D92200897B83 /* Vector2.hpp */,
				1A9A613D1673D92200897B83 /* Vector2.inl */,
				1A9A613E1673D92200897B83 /* Vector3.hpp */,
				1A9A613F1673D92200897B83 /* Vector3.inl */,
			);
			path = System;
			sourceTree = "<group>";
		};
		1A9A61411673D92200897B83 /* Window */ = {
			isa = PBXGroup;
			children = (
				1A9A61421673D92200897B83 /* Context.hpp */,
				1A9A61431673D92200897B83 /* ContextSettings.hpp */,
				1A9A61441673D92200897B83 /* Event.hpp */,
				1A9A61451673D92200897B83 /* Export.hpp */,
				1A9A61461673D92200897B83 /* GlResource.hpp */,
				1A9A61471673D92200897B83 /* Joystick.hpp */,
				1A9A61481673D92200897B83 /* Keyboard.hpp */,
				1A9A61491673D92200897B83 /* Mouse.hpp */,
				1A9A614A1673D92200897B83 /* VideoMode.hpp */,
				1A9A614B1673D92200897B83 /* Window.hpp */,
				1A9A614C1673D92200897B83 /* WindowHandle.hpp */,
				1A9A614D1673D92200897B83 /* WindowStyle.hpp */,
			);
			path = Window;
			sourceTree = "<group>";
		};
		1A9A614F1673D92200897B83 /* lib */ = {
			isa = PBXGroup;
			children = (
				1A9A61501673D92200897B83 /* libsfml-audio-d.dylib */,
				1A9A61511673D92200897B83 /* libsfml-audio-s-d.a */,
				1A9A61521673D92200897B83 /* libsfml-graphics-d.dylib */,
				1A9A61531673D92200897B83 /* libsfml-graphics-s-d.a */,
				1A9A61541673D92200897B83 /* libsfml-network-d.dylib */,
				1A9A61551673D92200897B83 /* libsfml-network-s-d.a */,
				1A9A61561673D92200897B83 /* libsfml-system-d.dylib */,
				1A9A61571673D92200897B83 /* libsfml-system-s-d.a */,
				1A9A61581673D92200897B83 /* libsfml-window-d.dylib */,
				1A9A61591673D92200897B83 /* libsfml-window-s-d.a */,
			);
			path = lib;
			sourceTree = "<group>";
		};
/* End PBXGroup section */

/* Begin PBXNativeTarget section */
		1A9A60D21673D8FD00897B83 /* ProjectX */ = {
			isa = PBXNativeTarget;
			buildConfigurationList = 1A9A60ED1673D8FD00897B83 /* Build configuration list for PBXNativeTarget "ProjectX" */;
			buildPhases = (
				1A9A60CE1673D8FD00897B83 /* ShellScript */,
				1A9A60CF1673D8FD00897B83 /* Sources */,
				1A9A60D01673D8FD00897B83 /* Frameworks */,
				1A9A60D11673D8FD00897B83 /* Resources */,
			);
			buildRules = (
			);
			dependencies = (
			);
			name = ProjectX;
			productName = ProjectX;
			productReference = 1A9A60D31673D8FD00897B83 /* ProjectX.app */;
			productType = "com.apple.product-type.application";
		};
/* End PBXNativeTarget section */

/* Begin PBXProject section */
		1A9A60C91673D8FD00897B83 /* Project object */ = {
			isa = PBXProject;
			attributes = {
				LastUpgradeCheck = 0450;
				ORGANIZATIONNAME = AllTheLads;
			};
			buildConfigurationList = 1A9A60CC1673D8FD00897B83 /* Build configuration list for PBXProject "ProjectX" */;
			compatibilityVersion = "Xcode 3.2";
			developmentRegion = English;
			hasScannedForEncodings = 0;
			knownRegions = (
				en,
			);
			mainGroup = 1A9A60C71673D8FD00897B83;
			productRefGroup = 1A9A60D41673D8FD00897B83 /* Products */;
			projectDirPath = "";
			projectRoot = "";
			targets = (
				1A9A60D21673D8FD00897B83 /* ProjectX */,
			);
		};
/* End PBXProject section */

/* Begin PBXResourcesBuildPhase section */
		1A9A60D11673D8FD00897B83 /* Resources */ = {
			isa = PBXResourcesBuildPhase;
			buildActionMask = 2147483647;
			files = (
				1A9A60E11673D8FD00897B83 /* sansation.ttf in Resources */,
				1A9A60E31673D8FD00897B83 /* cute_image.jpg in Resources */,
				1A9A60E51673D8FD00897B83 /* nice_music.ogg in Resources */,
				1A9A60EA1673D8FD00897B83 /* InfoPlist.strings in Resources */,
				1A9A615A1673D92200897B83 /* Rect.inl in Resources */,
				1A9A615B1673D92200897B83 /* Thread.inl in Resources */,
				1A9A615C1673D92200897B83 /* ThreadLocalPtr.inl in Resources */,
				1A9A615D1673D92200897B83 /* Utf.inl in Resources */,
				1A9A615E1673D92200897B83 /* Vector2.inl in Resources */,
				1A9A615F1673D92200897B83 /* Vector3.inl in Resources */,
			);
			runOnlyForDeploymentPostprocessing = 0;
		};
/* End PBXResourcesBuildPhase section */

/* Begin PBXShellScriptBuildPhase section */
		1A9A60CE1673D8FD00897B83 /* ShellScript */ = {
			isa = PBXShellScriptBuildPhase;
			buildActionMask = 2147483647;
			files = (
			);
			inputPaths = (
			);
			outputPaths = (
			);
			runOnlyForDeploymentPostprocessing = 0;
			shellPath = /bin/sh;
			shellScript = "# This shell script simply copies required sfml dylibs/frameworks into the application bundle frameworks folder.\n# If you're using static libraries (which is not recommended) you should remove this script from your project.\n\n# Are we building a project that uses framework or dylibs ?\nif [ $SFML_LINK_PREFIX = $SFML_LINK_FRAMEWORKS_PREFIX ]\nthen\n    frameworks=1\nelse\n    frameworks=0\nfi\n\nrequire () # $1 is a SFML module like 'system' or 'audio'\n{\n    dest=$BUILT_PRODUCTS_DIR/$PRODUCT_NAME.app/Contents/Frameworks\n    \n    if [ -z $1 ]\n    then\n        echo \"no parameter! ERROR!\"\n        exit\n    else\n        # clean potentially old stuff\n        rm -f $dest/libsfml-$1.2.dylib\n        rm -f $dest/libsfml-$1-d.2.dylib\n        rm -fr $dest/sfml-$1.framework\n    \n        # copy SFML libraries\n        if [ $frameworks ]\n        then\n            ditto \"/Library/Frameworks/sfml-$1.framework\" \"$dest/sfml-$1.framework\"\n        elif [ $CONFIGURATION = \"Debug\" ]\n        then\n            ditto \"/usr/local/lib/libsfml-$1-d.2.dylib\" \"$dest/libsfml-$1-d.2.dylib\"\n        else\n            ditto \"/usr/local/lib/libsfml-$1.2.dylib\" \"$dest/libsfml-$1.2.dylib\"\n        fi\n        \n        if [ $1 = \"audio\" ]\n        then\n            # copy sndfile framework too\n            ditto \"/Library/Frameworks/sndfile.framework\" \"$dest/sndfile.framework\"\n        fi\n    fi\n}\n\nif [ -n \"$SFML_SYSTEM\" ]\nthen\n    require \"system\"\nfi\n\nif [ -n \"$SFML_AUDIO\" ]\nthen\n    require \"audio\"\nfi\n\nif [ -n \"$SFML_NETWORK\" ]\nthen\n    require \"network\"\nfi\n\nif [ -n \"$SFML_WINDOW\" ]\nthen\n    require \"window\"\nfi\n\nif [ -n \"$SFML_GRAPHICS\" ]\nthen\n    require \"graphics\"\nfi\n\t\t\t\t\t";
		};
/* End PBXShellScriptBuildPhase section */

/* Begin PBXSourcesBuildPhase section */
		1A9A60CF1673D8FD00897B83 /* Sources */ = {
			isa = PBXSourcesBuildPhase;
			buildActionMask = 2147483647;
			files = (
				1A9A60DB1673D8FD00897B83 /* main.cpp in Sources */,
				1A9A60DD1673D8FD00897B83 /* ResourcePath.mm in Sources */,
			);
			runOnlyForDeploymentPostprocessing = 0;
		};
/* End PBXSourcesBuildPhase section */

/* Begin PBXVariantGroup section */
		1A9A60E81673D8FD00897B83 /* InfoPlist.strings */ = {
			isa = PBXVariantGroup;
			children = (
				1A9A60E91673D8FD00897B83 /* en */,
			);
			name = InfoPlist.strings;
			sourceTree = "<group>";
		};
/* End PBXVariantGroup section */

/* Begin XCBuildConfiguration section */
		1A9A60EB1673D8FD00897B83 /* Debug */ = {
			isa = XCBuildConfiguration;
			buildSettings = {
				ALWAYS_SEARCH_USER_PATHS = NO;
				ARCHS = "$(ARCHS_STANDARD_64_BIT)";
				CLANG_CXX_LANGUAGE_STANDARD = "gnu++0x";
				CLANG_CXX_LIBRARY = "libc++";
				CLANG_ENABLE_OBJC_ARC = "";
				CLANG_WARN_EMPTY_BODY = YES;
				CLANG_WARN__DUPLICATE_METHOD_MATCH = YES;
				COPY_PHASE_STRIP = NO;
				GCC_C_LANGUAGE_STANDARD = gnu99;
				GCC_DYNAMIC_NO_PIC = NO;
				GCC_ENABLE_OBJC_EXCEPTIONS = YES;
				GCC_ENABLE_OBJC_GC = unsupported;
				GCC_OPTIMIZATION_LEVEL = 0;
				GCC_PREPROCESSOR_DEFINITIONS = (
					"DEBUG=1",
					"$(inherited)",
				);
				GCC_SYMBOLS_PRIVATE_EXTERN = NO;
				GCC_WARN_64_TO_32_BIT_CONVERSION = YES;
				GCC_WARN_ABOUT_RETURN_TYPE = YES;
				GCC_WARN_UNINITIALIZED_AUTOS = YES;
				GCC_WARN_UNUSED_VARIABLE = YES;
				HEADER_SEARCH_PATHS = (
					"$(HEADER_SEARCH_PATHS)",
					/usr/local/include/,
				);
				MACOSX_DEPLOYMENT_TARGET = 10.8;
				ONLY_ACTIVE_ARCH = YES;
				OTHER_LDFLAGS = (
					"$(OTHER_LDFLAGS)",
					"$(SFML_SYSTEM)",
					"$(SFML_WINDOW)",
					"$(SFML_GRAPHICS)",
					"$(SFML_AUDIO)",
					"$(SFML_NETWORK)",
				);
				PRODUCT_NAME = "$(TARGET_NAME)";
				SDKROOT = macosx;
				SFML_AUDIO = "$(SFML_LINK_PREFIX)sfml-audio$(SFML_LINK_SUFFIX)";
				SFML_GRAPHICS = "$(SFML_LINK_PREFIX)sfml-graphics$(SFML_LINK_SUFFIX)";
				SFML_LINK_DYLIBS_PREFIX = "-l";
				SFML_LINK_DYLIBS_SUFFIX = "-d";
				SFML_LINK_FRAMEWORKS_PREFIX = "-framework ";
				SFML_LINK_FRAMEWORKS_SUFFIX = "";
				SFML_LINK_PREFIX = "$(SFML_LINK_DYLIBS_PREFIX)";
				SFML_LINK_SUFFIX = "$(SFML_LINK_DYLIBS_SUFFIX)";
				SFML_NETWORK = "";
				SFML_SYSTEM = "$(SFML_LINK_PREFIX)sfml-system$(SFML_LINK_SUFFIX)";
				SFML_WINDOW = "$(SFML_LINK_PREFIX)sfml-window$(SFML_LINK_SUFFIX)";
			};
			name = Debug;
		};
		1A9A60EC1673D8FD00897B83 /* Release */ = {
			isa = XCBuildConfiguration;
			buildSettings = {
				ALWAYS_SEARCH_USER_PATHS = NO;
				ARCHS = "$(ARCHS_STANDARD_64_BIT)";
				CLANG_CXX_LANGUAGE_STANDARD = "gnu++0x";
				CLANG_CXX_LIBRARY = "libc++";
				CLANG_ENABLE_OBJC_ARC = "";
				CLANG_WARN_EMPTY_BODY = YES;
				CLANG_WARN__DUPLICATE_METHOD_MATCH = YES;
				COPY_PHASE_STRIP = YES;
				DEBUG_INFORMATION_FORMAT = "dwarf-with-dsym";
				GCC_C_LANGUAGE_STANDARD = gnu99;
				GCC_ENABLE_OBJC_EXCEPTIONS = YES;
				GCC_ENABLE_OBJC_GC = unsupported;
				GCC_WARN_64_TO_32_BIT_CONVERSION = YES;
				GCC_WARN_ABOUT_RETURN_TYPE = YES;
				GCC_WARN_UNINITIALIZED_AUTOS = YES;
				GCC_WARN_UNUSED_VARIABLE = YES;
				HEADER_SEARCH_PATHS = (
					"$(HEADER_SEARCH_PATHS)",
					/usr/local/include/,
				);
				MACOSX_DEPLOYMENT_TARGET = 10.8;
				OTHER_LDFLAGS = (
					"$(OTHER_LDFLAGS)",
					"$(SFML_SYSTEM)",
					"$(SFML_WINDOW)",
					"$(SFML_GRAPHICS)",
					"$(SFML_AUDIO)",
					"$(SFML_NETWORK)",
				);
				PRODUCT_NAME = "$(TARGET_NAME)";
				SDKROOT = macosx;
				SFML_AUDIO = "$(SFML_LINK_PREFIX)sfml-audio$(SFML_LINK_SUFFIX)";
				SFML_GRAPHICS = "$(SFML_LINK_PREFIX)sfml-graphics$(SFML_LINK_SUFFIX)";
				SFML_LINK_DYLIBS_PREFIX = "-l";
				SFML_LINK_DYLIBS_SUFFIX = "";
				SFML_LINK_FRAMEWORKS_PREFIX = "-framework ";
				SFML_LINK_FRAMEWORKS_SUFFIX = "";
				SFML_LINK_PREFIX = "$(SFML_LINK_DYLIBS_PREFIX)";
				SFML_LINK_SUFFIX = "$(SFML_LINK_DYLIBS_SUFFIX)";
				SFML_NETWORK = "";
				SFML_SYSTEM = "$(SFML_LINK_PREFIX)sfml-system$(SFML_LINK_SUFFIX)";
				SFML_WINDOW = "$(SFML_LINK_PREFIX)sfml-window$(SFML_LINK_SUFFIX)";
			};
			name = Release;
		};
		1A9A60EE1673D8FD00897B83 /* Debug */ = {
			isa = XCBuildConfiguration;
			buildSettings = {
				COPY_PHASE_STRIP = NO;
				GCC_DYNAMIC_NO_PIC = NO;
				GCC_PRECOMPILE_PREFIX_HEADER = NO;
				GCC_PREFIX_HEADER = "";
				INFOPLIST_FILE = "ProjectX/ProjectX-Info.plist";
				LIBRARY_SEARCH_PATHS = (
					"$(inherited)",
					"\"$(SRCROOT)/ProjectX/SFML/lib\"",
				);
				PRODUCT_NAME = "$(TARGET_NAME)";
				WRAPPER_EXTENSION = app;
			};
			name = Debug;
		};
		1A9A60EF1673D8FD00897B83 /* Release */ = {
			isa = XCBuildConfiguration;
			buildSettings = {
				COPY_PHASE_STRIP = YES;
				GCC_PRECOMPILE_PREFIX_HEADER = NO;
				GCC_PREFIX_HEADER = "";
				INFOPLIST_FILE = "ProjectX/ProjectX-Info.plist";
				LIBRARY_SEARCH_PATHS = (
					"$(inherited)",
					"\"$(SRCROOT)/ProjectX/SFML/lib\"",
				);
				PRODUCT_NAME = "$(TARGET_NAME)";
				WRAPPER_EXTENSION = app;
			};
			name = Release;
		};
/* End XCBuildConfiguration section */

/* Begin XCConfigurationList section */
		1A9A60CC1673D8FD00897B83 /* Build configuration list for PBXProject "ProjectX" */ = {
			isa = XCConfigurationList;
			buildConfigurations = (
				1A9A60EB1673D8FD00897B83 /* Debug */,
				1A9A60EC1673D8FD00897B83 /* Release */,
			);
			defaultConfigurationIsVisible = 0;
			defaultConfigurationName = Release;
		};
		1A9A60ED1673D8FD00897B83 /* Build configuration list for PBXNativeTarget "ProjectX" */ = {
			isa = XCConfigurationList;
			buildConfigurations = (
				1A9A60EE1673D8FD00897B83 /* Debug */,
				1A9A60EF1673D8FD00897B83 /* Release */,
			);
			defaultConfigurationIsVisible = 0;
		};
/* End XCConfigurationList section */
	};
	rootObject = 1A9A60C91673D8FD00897B83 /* Project object */;
}
